
Microsoft Visual Studio Solution File, Format Version 12.00
# Visual Studio 14
VisualStudioVersion = 14.0.25123.0
MinimumVisualStudioVersion = 10.0.40219.1
Project("{FAE04EC0-301F-11D3-BF4B-00C04F79EFBC}") = "OAuthAuthotizationWebApiOwin", "OAuthAuthotizationWebApiOwin\OAuthAuthotizationWebApiOwin.csproj", "{F97CCF1C-ACCA-4785-BF51-E2E6ACE65BF9}"
EndProject
Project("{FAE04EC0-301F-11D3-BF4B-00C04F79EFBC}") = "OAuthAuthotizationWebApiOwin.SPA", "OAuthAuthotizationWebApiOwin.SPA\OAuthAuthotizationWebApiOwin.SPA.csproj", "{9996BFF4-C8B9-41A9-8365-0658E44CDDE5}"
EndProject
Project("{E24C65DC-7377-472B-9ABA-BC803B73C61A}") = "SPA", "SPA\", "{386E6BD5-8231-440A-AFE8-118F86CFD8F2}"
	ProjectSection(WebsiteProperties) = preProject
		TargetFrameworkMoniker = ".NETFramework,Version%3Dv4.6.1"
		Debug.AspNetCompiler.VirtualPath = "/localhost_2056"
		Debug.AspNetCompiler.PhysicalPath = "SPA\"
		Debug.AspNetCompiler.TargetPath = "PrecompiledWeb\localhost_2056\"
		Debug.AspNetCompiler.Updateable = "true"
		Debug.AspNetCompiler.ForceOverwrite = "true"
		Debug.AspNetCompiler.FixedNames = "false"
		Debug.AspNetCompiler.Debug = "True"
		Release.AspNetCompiler.VirtualPath = "/localhost_2056"
		Release.AspNetCompiler.PhysicalPath = "SPA\"
		Release.AspNetCompiler.TargetPath = "PrecompiledWeb\localhost_2056\"
		Release.AspNetCompiler.Updateable = "true"
		Release.AspNetCompiler.ForceOverwrite = "true"
		Release.AspNetCompiler.FixedNames = "false"
		Release.AspNetCompiler.Debug = "False"
		VWDPort = "2056"
		DefaultWebSiteLanguage = "Visual C#"
	EndProjectSection
EndProject
Global
	GlobalSection(SolutionConfigurationPlatforms) = preSolution
		Debug|Any CPU = Debug|Any CPU
		Release|Any CPU = Release|Any CPU
	EndGlobalSection
	GlobalSection(ProjectConfigurationPlatforms) = postSolution
		{F97CCF1C-ACCA-4785-BF51-E2E6ACE65BF9}.Debug|Any CPU.ActiveCfg = Debug|Any CPU
		{F97CCF1C-ACCA-4785-BF51-E2E6ACE65BF9}.Debug|Any CPU.Build.0 = Debug|Any CPU
		{F97CCF1C-ACCA-4785-BF51-E2E6ACE65BF9}.Release|Any CPU.ActiveCfg = Release|Any CPU
		{F97CCF1C-ACCA-4785-BF51-E2E6ACE65BF9}.Release|Any CPU.Build.0 = Release|Any CPU
		{9996BFF4-C8B9-41A9-8365-0658E44CDDE5}.Debug|Any CPU.ActiveCfg = Debug|Any CPU
		{9996BFF4-C8B9-41A9-8365-0658E44CDDE5}.Debug|Any CPU.Build.0 = Debug|Any CPU
		{9996BFF4-C8B9-41A9-8365-0658E44CDDE5}.Release|Any CPU.ActiveCfg = Release|Any CPU
		{9996BFF4-C8B9-41A9-8365-0658E44CDDE5}.Release|Any CPU.Build.0 = Release|Any CPU
		{386E6BD5-8231-440A-AFE8-118F86CFD8F2}.Debug|Any CPU.ActiveCfg = Debug|Any CPU
		{386E6BD5-8231-440A-AFE8-118F86CFD8F2}.Debug|Any CPU.Build.0 = Debug|Any CPU
		{386E6BD5-8231-440A-AFE8-118F86CFD8F2}.Release|Any CPU.ActiveCfg = Debug|Any CPU
		{386E6BD5-8231-440A-AFE8-118F86CFD8F2}.Release|Any CPU.Build.0 = Debug|Any CPU
	EndGlobalSection
	GlobalSection(SolutionProperties) = preSolution
		HideSolutionNode = FALSE
	EndGlobalSection
EndGlobal
