
Microsoft Visual Studio Solution File, Format Version 12.00
# Visual Studio 14
VisualStudioVersion = 14.0.25123.0
MinimumVisualStudioVersion = 10.0.40219.1
Project("{FAE04EC0-301F-11D3-BF4B-00C04F79EFBC}") = "OAuthAuthotizationWebApiOwin", "OAuthAuthotizationWebApiOwin\OAuthAuthotizationWebApiOwin.csproj", "{F97CCF1C-ACCA-4785-BF51-E2E6ACE65BF9}"
EndProject
Project("{FAE04EC0-301F-11D3-BF4B-00C04F79EFBC}") = "WebSPA", "WebSPA\WebSPA.csproj", "{A8E8B4D0-C516-4C9F-AB3F-BAE3EF3FBDE2}"
EndProject
Project("{2150E333-8FDC-42A3-9474-1A3956D46DE8}") = "Service", "Service", "{F1F51167-71CF-4C46-A1BD-33AB14727061}"
EndProject
Project("{2150E333-8FDC-42A3-9474-1A3956D46DE8}") = "Presentation", "Presentation", "{F6207FF9-7AB9-4B18-AED4-262AB5E88559}"
EndProject
Project("{2150E333-8FDC-42A3-9474-1A3956D46DE8}") = "Domain", "Domain", "{A52E9D30-41A9-4686-B15B-C4F50C35E971}"
EndProject
Project("{2150E333-8FDC-42A3-9474-1A3956D46DE8}") = "Infra", "Infra", "{9A790FDD-67B9-490E-AA33-5B274CF16FAC}"
EndProject
Project("{2150E333-8FDC-42A3-9474-1A3956D46DE8}") = "CrossCutting", "CrossCutting", "{59BA898C-A038-4067-86DD-7C380AC37708}"
EndProject
Project("{2150E333-8FDC-42A3-9474-1A3956D46DE8}") = "Repository", "Repository", "{204A9354-81AE-4C9E-A4CC-5A24DCB26DA6}"
EndProject
Project("{2150E333-8FDC-42A3-9474-1A3956D46DE8}") = "Application", "Application", "{5A3DA699-391E-4151-97B4-272819937675}"
EndProject
Project("{FAE04EC0-301F-11D3-BF4B-00C04F79EFBC}") = "OAuthAuthotizationWebApiOwin.Domain", "Domain\OAuthAuthotizationWebApiOwin.Domain\OAuthAuthotizationWebApiOwin.Domain.csproj", "{E5DDA4DA-5D99-4244-881D-E511FB22D4AC}"
EndProject
Project("{FAE04EC0-301F-11D3-BF4B-00C04F79EFBC}") = "OAuthAuthotizationWebApiOwin.SharedKernel", "Domain\OAuthAuthotizationWebApiOwin.SharedKernel\OAuthAuthotizationWebApiOwin.SharedKernel.csproj", "{8E372A6E-2C41-4F1D-83A4-DEAB6708DCD0}"
EndProject
Project("{FAE04EC0-301F-11D3-BF4B-00C04F79EFBC}") = "OAuthAuthotizationWebApiOwin.Emal.Infra", "OAuthAuthotizationWebApiOwin.Emal.Infra\OAuthAuthotizationWebApiOwin.Emal.Infra.csproj", "{7A55EF3F-8111-4FEF-BA44-BCA3805A1BE3}"
EndProject
Project("{FAE04EC0-301F-11D3-BF4B-00C04F79EFBC}") = "OAuthAuthotizationWebApiOwin.Repository.Cadastro", "Repository\OAuthAuthotizationWebApiOwin.Repository.Cadastro\OAuthAuthotizationWebApiOwin.Repository.Cadastro.csproj", "{A8283F0C-33A1-46F8-BE46-841DA13D1686}"
EndProject
Global
	GlobalSection(SolutionConfigurationPlatforms) = preSolution
		Debug|Any CPU = Debug|Any CPU
		Release|Any CPU = Release|Any CPU
	EndGlobalSection
	GlobalSection(ProjectConfigurationPlatforms) = postSolution
		{F97CCF1C-ACCA-4785-BF51-E2E6ACE65BF9}.Debug|Any CPU.ActiveCfg = Debug|Any CPU
		{F97CCF1C-ACCA-4785-BF51-E2E6ACE65BF9}.Debug|Any CPU.Build.0 = Debug|Any CPU
		{F97CCF1C-ACCA-4785-BF51-E2E6ACE65BF9}.Release|Any CPU.ActiveCfg = Release|Any CPU
		{F97CCF1C-ACCA-4785-BF51-E2E6ACE65BF9}.Release|Any CPU.Build.0 = Release|Any CPU
		{A8E8B4D0-C516-4C9F-AB3F-BAE3EF3FBDE2}.Debug|Any CPU.ActiveCfg = Debug|Any CPU
		{A8E8B4D0-C516-4C9F-AB3F-BAE3EF3FBDE2}.Debug|Any CPU.Build.0 = Debug|Any CPU
		{A8E8B4D0-C516-4C9F-AB3F-BAE3EF3FBDE2}.Release|Any CPU.ActiveCfg = Release|Any CPU
		{A8E8B4D0-C516-4C9F-AB3F-BAE3EF3FBDE2}.Release|Any CPU.Build.0 = Release|Any CPU
		{E5DDA4DA-5D99-4244-881D-E511FB22D4AC}.Debug|Any CPU.ActiveCfg = Debug|Any CPU
		{E5DDA4DA-5D99-4244-881D-E511FB22D4AC}.Debug|Any CPU.Build.0 = Debug|Any CPU
		{E5DDA4DA-5D99-4244-881D-E511FB22D4AC}.Release|Any CPU.ActiveCfg = Release|Any CPU
		{E5DDA4DA-5D99-4244-881D-E511FB22D4AC}.Release|Any CPU.Build.0 = Release|Any CPU
		{8E372A6E-2C41-4F1D-83A4-DEAB6708DCD0}.Debug|Any CPU.ActiveCfg = Debug|Any CPU
		{8E372A6E-2C41-4F1D-83A4-DEAB6708DCD0}.Debug|Any CPU.Build.0 = Debug|Any CPU
		{8E372A6E-2C41-4F1D-83A4-DEAB6708DCD0}.Release|Any CPU.ActiveCfg = Release|Any CPU
		{8E372A6E-2C41-4F1D-83A4-DEAB6708DCD0}.Release|Any CPU.Build.0 = Release|Any CPU
		{7A55EF3F-8111-4FEF-BA44-BCA3805A1BE3}.Debug|Any CPU.ActiveCfg = Debug|Any CPU
		{7A55EF3F-8111-4FEF-BA44-BCA3805A1BE3}.Debug|Any CPU.Build.0 = Debug|Any CPU
		{7A55EF3F-8111-4FEF-BA44-BCA3805A1BE3}.Release|Any CPU.ActiveCfg = Release|Any CPU
		{7A55EF3F-8111-4FEF-BA44-BCA3805A1BE3}.Release|Any CPU.Build.0 = Release|Any CPU
		{A8283F0C-33A1-46F8-BE46-841DA13D1686}.Debug|Any CPU.ActiveCfg = Debug|Any CPU
		{A8283F0C-33A1-46F8-BE46-841DA13D1686}.Debug|Any CPU.Build.0 = Debug|Any CPU
		{A8283F0C-33A1-46F8-BE46-841DA13D1686}.Release|Any CPU.ActiveCfg = Release|Any CPU
		{A8283F0C-33A1-46F8-BE46-841DA13D1686}.Release|Any CPU.Build.0 = Release|Any CPU
	EndGlobalSection
	GlobalSection(SolutionProperties) = preSolution
		HideSolutionNode = FALSE
	EndGlobalSection
	GlobalSection(NestedProjects) = preSolution
		{F97CCF1C-ACCA-4785-BF51-E2E6ACE65BF9} = {F1F51167-71CF-4C46-A1BD-33AB14727061}
		{A8E8B4D0-C516-4C9F-AB3F-BAE3EF3FBDE2} = {F6207FF9-7AB9-4B18-AED4-262AB5E88559}
		{59BA898C-A038-4067-86DD-7C380AC37708} = {9A790FDD-67B9-490E-AA33-5B274CF16FAC}
		{204A9354-81AE-4C9E-A4CC-5A24DCB26DA6} = {9A790FDD-67B9-490E-AA33-5B274CF16FAC}
		{E5DDA4DA-5D99-4244-881D-E511FB22D4AC} = {A52E9D30-41A9-4686-B15B-C4F50C35E971}
		{8E372A6E-2C41-4F1D-83A4-DEAB6708DCD0} = {A52E9D30-41A9-4686-B15B-C4F50C35E971}
		{7A55EF3F-8111-4FEF-BA44-BCA3805A1BE3} = {59BA898C-A038-4067-86DD-7C380AC37708}
		{A8283F0C-33A1-46F8-BE46-841DA13D1686} = {204A9354-81AE-4C9E-A4CC-5A24DCB26DA6}
	EndGlobalSection
EndGlobal
